lockfileVersion: '9.0'

settings:
  autoInstallPeers: true
  excludeLinksFromLockfile: false

importers:

  .:
    dependencies:
      '@justinribeiro/lite-youtube':
        specifier: ^1.7.1
        version: 1.7.1

packages:

  '@justinribeiro/lite-youtube@1.7.1':
    resolution: {integrity: sha512-nbasgHAmjw7g6zy8sK//nL7CQoJcBmvfBM3jWulKVJPRIhBHa6ZnHtQbMdd6TAukU3h0udZP09N8EEyLGWVysA==}

snapshots:

  '@justinribeiro/lite-youtube@1.7.1': {}
